lcov_source_commit=74c8eabbb36d7cf2454d3f0ea37bf1337641cbc5
lcov_source_tree=2b923cc012113c191db5969a8a5b81caf4d22c10
lcov_source_archive_producer=git-archive-tar-umask-0022+gzip-n-9
lcov_source_archive_sha256=5738cedcfffac5c8826f5f044b80d9b401c6af3ce375cd4d09e666026d2207fa
lcov_source_archive_bytes=613697
python_objects_inv_sha256=fca4a9b72cf08f39c5bd42509ca21f031389ee68faf4cb13c31f71a1fa60a3dc
python_objects_inv_bytes=158027
python_objects_inv_url=https://docs.python.org/3.14/objects.inv
python_objects_inv_project=Python
python_objects_inv_version=3.14
pin_intersphinx_sha256=421d0befd1d081284a8fd1ab9e4ad5378f823816fef0f69f8c5c49d15f9f79f0
pin_intersphinx_bytes=1260
snapshot_ca_bundle_sha256=a3413a37a8e09cc21b2c11c9ffb23d92d2fc9d1933c9e7617f5c4fba4f72d37d
snapshot_ca_bundle_bytes=216591
snapshot_ca_bundle_certificates=142
snapshot_ca_bundle_producer=concatenate-sorted-ca-certificates-mozilla-crt
snapshot_ca_bundle_source_package=ca-certificates=20230311+deb12u1
snapshot_ca_bundle_source_url=https://snapshot.debian.org/archive/debian/20260713T000000Z/pool/main/c/ca-certificates/ca-certificates_20230311%2Bdeb12u1_all.deb
snapshot_ca_bundle_source_sha256=0d5f444f594e48c1e16a41d8fc628a09b24c658916a1274025c2330f2a802bed
snapshot_ca_bundle_source_bytes=155260
source_date_epoch=1783375223
