directory	755	.	/usr/local
directory	755	.	/usr/local/bin
directory	755	.	/usr/local/etc
directory	755	.	/usr/local/lib
directory	755	.	/usr/local/lib/lcov
directory	755	.	/usr/local/share
directory	755	.	/usr/local/share/lcov
directory	755	.	/usr/local/share/lcov/example
directory	755	.	/usr/local/share/lcov/example/methods
directory	755	.	/usr/local/share/lcov/html
directory	755	.	/usr/local/share/lcov/html/_sources
directory	755	.	/usr/local/share/lcov/html/_sources/man
directory	755	.	/usr/local/share/lcov/html/_static
directory	755	.	/usr/local/share/lcov/html/_static/css
directory	755	.	/usr/local/share/lcov/html/_static/fonts
directory	755	.	/usr/local/share/lcov/html/_static/js
directory	755	.	/usr/local/share/lcov/html/man
directory	755	.	/usr/local/share/lcov/support-scripts
directory	755	.	/usr/local/share/lcov/tests
directory	755	.	/usr/local/share/lcov/tests/bin
directory	755	.	/usr/local/share/lcov/tests/genhtml
directory	755	.	/usr/local/share/lcov/tests/genhtml/errs
directory	755	.	/usr/local/share/lcov/tests/genhtml/exception
directory	755	.	/usr/local/share/lcov/tests/genhtml/filter
directory	755	.	/usr/local/share/lcov/tests/genhtml/function
directory	755	.	/usr/local/share/lcov/tests/genhtml/insensitive
directory	755	.	/usr/local/share/lcov/tests/genhtml/lambda
directory	755	.	/usr/local/share/lcov/tests/genhtml/relative
directory	755	.	/usr/local/share/lcov/tests/genhtml/simple
directory	755	.	/usr/local/share/lcov/tests/genhtml/synthesize
directory	755	.	/usr/local/share/lcov/tests/lcov
directory	755	.	/usr/local/share/lcov/tests/lcov/add
directory	755	.	/usr/local/share/lcov/tests/lcov/branch
directory	755	.	/usr/local/share/lcov/tests/lcov/coverage
directory	755	.	/usr/local/share/lcov/tests/lcov/demangle
directory	755	.	/usr/local/share/lcov/tests/lcov/errs
directory	755	.	/usr/local/share/lcov/tests/lcov/exception
directory	755	.	/usr/local/share/lcov/tests/lcov/extract
directory	755	.	/usr/local/share/lcov/tests/lcov/follow
directory	755	.	/usr/local/share/lcov/tests/lcov/format
directory	755	.	/usr/local/share/lcov/tests/lcov/gcov-tool
directory	755	.	/usr/local/share/lcov/tests/lcov/initializer
directory	755	.	/usr/local/share/lcov/tests/lcov/lambda
directory	755	.	/usr/local/share/lcov/tests/lcov/mcdc
directory	755	.	/usr/local/share/lcov/tests/lcov/merge
directory	755	.	/usr/local/share/lcov/tests/lcov/misc
directory	755	.	/usr/local/share/lcov/tests/lcov/multiple
directory	755	.	/usr/local/share/lcov/tests/lcov/summary
directory	755	.	/usr/local/share/lcov/tests/llvm2lcov
directory	755	.	/usr/local/share/lcov/tests/perl2lcov
directory	755	.	/usr/local/share/lcov/tests/profiles
directory	755	.	/usr/local/share/lcov/tests/py2lcov
directory	755	.	/usr/local/share/lcov/tests/scripts
directory	755	.	/usr/local/share/lcov/tests/xml2lcov
directory	755	.	/usr/local/share/man
directory	755	.	/usr/local/share/man/man1
directory	755	.	/usr/local/share/man/man5
